
Microsoft Visual Studio Solution File, Format Version 12.00
# Visual Studio Version 17
VisualStudioVersion = 17.11.35312.102
MinimumVisualStudioVersion = 10.0.40219.1
Project("{FAE04EC0-301F-11D3-BF4B-00C04F79EFBC}") = "ConsoleApp13", "ConsoleApp13\ConsoleApp13.csproj", "{156902B6-5260-4D08-A1F2-1A22A328390E}"
EndProject
Global
	GlobalSection(SolutionConfigurationPlatforms) = preSolution
		Debug|Any CPU = Debug|Any CPU
		Release|Any CPU = Release|Any CPU
	EndGlobalSection
	GlobalSection(ProjectConfigurationPlatforms) = postSolution
		{156902B6-5260-4D08-A1F2-1A22A328390E}.Debug|Any CPU.ActiveCfg = Debug|Any CPU
		{156902B6-5260-4D08-A1F2-1A22A328390E}.Debug|Any CPU.Build.0 = Debug|Any CPU
		{156902B6-5260-4D08-A1F2-1A22A328390E}.Release|Any CPU.ActiveCfg = Release|Any CPU
		{156902B6-5260-4D08-A1F2-1A22A328390E}.Release|Any CPU.Build.0 = Release|Any CPU
	EndGlobalSection
	GlobalSection(SolutionProperties) = preSolution
		HideSolutionNode = FALSE
	EndGlobalSection
	GlobalSection(ExtensibilityGlobals) = postSolution
		SolutionGuid = {AD616B62-7BE8-432C-AFA2-C1BFB922AD3F}
	EndGlobalSection
EndGlobal
